
Microsoft Visual Studio Solution File, Format Version 12.00
# Visual Studio Version 17
VisualStudioVersion = 17.0.32112.339
MinimumVisualStudioVersion = 10.0.40219.1
Project("{FAE04EC0-301F-11D3-BF4B-00C04F79EFBC}") = "GrpcService", "GrpcService.csproj", "{3CB029A6-B654-4127-9E16-91D165D1A45D}"
EndProject
Project("{FAE04EC0-301F-11D3-BF4B-00C04F79EFBC}") = "Grpclient", "..\Grpclient\Grpclient.csproj", "{5D12646E-AA28-467D-9629-392B60C8353D}"
EndProject
Global
	GlobalSection(SolutionConfigurationPlatforms) = preSolution
		Debug|Any CPU = Debug|Any CPU
		Release|Any CPU = Release|Any CPU
	EndGlobalSection
	GlobalSection(ProjectConfigurationPlatforms) = postSolution
		{3CB029A6-B654-4127-9E16-91D165D1A45D}.Debug|Any CPU.ActiveCfg = Debug|Any CPU
		{3CB029A6-B654-4127-9E16-91D165D1A45D}.Debug|Any CPU.Build.0 = Debug|Any CPU
		{3CB029A6-B654-4127-9E16-91D165D1A45D}.Release|Any CPU.ActiveCfg = Release|Any CPU
		{3CB029A6-B654-4127-9E16-91D165D1A45D}.Release|Any CPU.Build.0 = Release|Any CPU
		{5D12646E-AA28-467D-9629-392B60C8353D}.Debug|Any CPU.ActiveCfg = Debug|Any CPU
		{5D12646E-AA28-467D-9629-392B60C8353D}.Debug|Any CPU.Build.0 = Debug|Any CPU
		{5D12646E-AA28-467D-9629-392B60C8353D}.Release|Any CPU.ActiveCfg = Release|Any CPU
		{5D12646E-AA28-467D-9629-392B60C8353D}.Release|Any CPU.Build.0 = Release|Any CPU
	EndGlobalSection
	GlobalSection(SolutionProperties) = preSolution
		HideSolutionNode = FALSE
	EndGlobalSection
	GlobalSection(ExtensibilityGlobals) = postSolution
		SolutionGuid = {CC0DAE17-5E41-491E-BD85-7F3D3C4B0D20}
	EndGlobalSection
EndGlobal
